// !$*UTF8*$!
{
	archiveVersion = 1;
	classes = {
	};
	objectVersion = 56;
	objects = {

/* Begin PBXBuildFile section */
		DAE962C129E64100006C7126 /* AppDelegate.swift in Sources */ = {isa = PBXBuildFile; fileRef = DAE962C029E64100006C7126 /* AppDelegate.swift */; };
		DAE962C329E64100006C7126 /* SceneDelegate.swift in Sources */ = {isa = PBXBuildFile; fileRef = DAE962C229E64100006C7126 /* SceneDelegate.swift */; };
		DAE962C529E64100006C7126 /* ViewController.swift in Sources */ = {isa = PBXBuildFile; fileRef = DAE962C429E64100006C7126 /* ViewController.swift */; };
		DAE962C829E64100006C7126 /* Main.storyboard in Resources */ = {isa = PBXBuildFile; fileRef = DAE962C629E64100006C7126 /* Main.storyboard */; };
		DAE962CA29E64101006C7126 /* Assets.xcassets in Resources */ = {isa = PBXBuildFile; fileRef = DAE962C929E64101006C7126 /* Assets.xcassets */; };
		DAE962CD29E64101006C7126 /* LaunchScreen.storyboard in Resources */ = {isa = PBXBuildFile; fileRef = DAE962CB29E64101006C7126 /* LaunchScreen.storyboard */; };
		DAE962D629E64B9B006C7126 /* ParseSwift in Frameworks */ = {isa = PBXBuildFile; productRef = DAE962D529E64B9B006C7126 /* ParseSwift */; };
		DAE962DA29EC677A006C7126 /* User.swift in Sources */ = {isa = PBXBuildFile; fileRef = DAE962D929EC677A006C7126 /* User.swift */; };
		DAE962DD29EC8F89006C7126 /* LoginViewController.swift in Sources */ = {isa = PBXBuildFile; fileRef = DAE962DC29EC8F89006C7126 /* LoginViewController.swift */; };
		DAE962DF29EC8F9A006C7126 /* SignUpViewViewController.swift in Sources */ = {isa = PBXBuildFile; fileRef = DAE962DE29EC8F9A006C7126 /* SignUpViewViewController.swift */; };
		DAE962E529EC973B006C7126 /* mainViewController.swift in Sources */ = {isa = PBXBuildFile; fileRef = DAE962E429EC973B006C7126 /* mainViewController.swift */; };
/* End PBXBuildFile section */

/* Begin PBXFileReference section */
		DAE962BD29E64100006C7126 /* daily_budget_tracker.app */ = {isa = PBXFileReference; explicitFileType = wrapper.application; includeInIndex = 0; path = daily_budget_tracker.app; sourceTree = BUILT_PRODUCTS_DIR; };
		DAE962C029E64100006C7126 /* AppDelegate.swift */ = {isa = PBXFileReference; lastKnownFileType = sourcecode.swift; path = AppDelegate.swift; sourceTree = "<group>"; };
		DAE962C229E64100006C7126 /* SceneDelegate.swift */ = {isa = PBXFileReference; lastKnownFileType = sourcecode.swift; path = SceneDelegate.swift; sourceTree = "<group>"; };
		DAE962C429E64100006C7126 /* ViewController.swift */ = {isa = PBXFileReference; lastKnownFileType = sourcecode.swift; path = ViewController.swift; sourceTree = "<group>"; };
		DAE962C729E64100006C7126 /* Base */ = {isa = PBXFileReference; lastKnownFileType = file.storyboard; name = Base; path = Base.lproj/Main.storyboard; sourceTree = "<group>"; };
		DAE962C929E64101006C7126 /* Assets.xcassets */ = {isa = PBXFileReference; lastKnownFileType = folder.assetcatalog; path = Assets.xcassets; sourceTree = "<group>"; };
		DAE962CC29E64101006C7126 /* Base */ = {isa = PBXFileReference; lastKnownFileType = file.storyboard; name = Base; path = Base.lproj/LaunchScreen.storyboard; sourceTree = "<group>"; };
		DAE962CE29E64101006C7126 /* Info.plist */ = {isa = PBXFileReference; lastKnownFileType = text.plist.xml; path = Info.plist; sourceTree = "<group>"; };
		DAE962D929EC677A006C7126 /* User.swift */ = {isa = PBXFileReference; lastKnownFileType = sourcecode.swift; path = User.swift; sourceTree = "<group>"; };
		DAE962DC29EC8F89006C7126 /* LoginViewController.swift */ = {isa = PBXFileReference; lastKnownFileType = sourcecode.swift; path = LoginViewController.swift; sourceTree = "<group>"; };
		DAE962DE29EC8F9A006C7126 /* SignUpViewViewController.swift */ = {isa = PBXFileReference; lastKnownFileType = sourcecode.swift; path = SignUpViewViewController.swift; sourceTree = "<group>"; };
		DAE962E429EC973B006C7126 /* mainViewController.swift */ = {isa = PBXFileReference; lastKnownFileType = sourcecode.swift; path = mainViewController.swift; sourceTree = "<group>"; };
/* End PBXFileReference section */

/* Begin PBXFrameworksBuildPhase section */
		DAE962BA29E64100006C7126 /* Frameworks */ = {
			isa = PBXFrameworksBuildPhase;
			buildActionMask = 2147483647;
			files = (
				DAE962D629E64B9B006C7126 /* ParseSwift in Frameworks */,
			);
			runOnlyForDeploymentPostprocessing = 0;
		};
/* End PBXFrameworksBuildPhase section */

/* Begin PBXGroup section */
		DAE962B429E64100006C7126 = {
			isa = PBXGroup;
			children = (
				DAE962BF29E64100006C7126 /* daily_budget_tracker */,
				DAE962BE29E64100006C7126 /* Products */,
			);
			sourceTree = "<group>";
		};
		DAE962BE29E64100006C7126 /* Products */ = {
			isa = PBXGroup;
			children = (
				DAE962BD29E64100006C7126 /* daily_budget_tracker.app */,
			);
			name = Products;
			sourceTree = "<group>";
		};
		DAE962BF29E64100006C7126 /* daily_budget_tracker */ = {
			isa = PBXGroup;
			children = (
				DAE962E329EC972F006C7126 /* Main */,
				DAE962DB29EC8F71006C7126 /* Login */,
				DAE962D829EC675E006C7126 /* Models */,
				DAE962C029E64100006C7126 /* AppDelegate.swift */,
				DAE962C229E64100006C7126 /* SceneDelegate.swift */,
				DAE962C429E64100006C7126 /* ViewController.swift */,
				DAE962C629E64100006C7126 /* Main.storyboard */,
				DAE962C929E64101006C7126 /* Assets.xcassets */,
				DAE962CB29E64101006C7126 /* LaunchScreen.storyboard */,
				DAE962CE29E64101006C7126 /* Info.plist */,
			);
			path = daily_budget_tracker;
			sourceTree = "<group>";
		};
		DAE962D829EC675E006C7126 /* Models */ = {
			isa = PBXGroup;
			children = (
				DAE962D929EC677A006C7126 /* User.swift */,
			);
			path = Models;
			sourceTree = "<group>";
		};
		DAE962DB29EC8F71006C7126 /* Login */ = {
			isa = PBXGroup;
			children = (
				DAE962DC29EC8F89006C7126 /* LoginViewController.swift */,
				DAE962DE29EC8F9A006C7126 /* SignUpViewViewController.swift */,
			);
			path = Login;
			sourceTree = "<group>";
		};
		DAE962E329EC972F006C7126 /* Main */ = {
			isa = PBXGroup;
			children = (
				DAE962E429EC973B006C7126 /* mainViewController.swift */,
			);
			path = Main;
			sourceTree = "<group>";
		};
/* End PBXGroup section */

/* Begin PBXNativeTarget section */
		DAE962BC29E64100006C7126 /* daily_budget_tracker */ = {
			isa = PBXNativeTarget;
			buildConfigurationList = DAE962D129E64101006C7126 /* Build configuration list for PBXNativeTarget "daily_budget_tracker" */;
			buildPhases = (
				DAE962B929E64100006C7126 /* Sources */,
				DAE962BA29E64100006C7126 /* Frameworks */,
				DAE962BB29E64100006C7126 /* Resources */,
			);
			buildRules = (
			);
			dependencies = (
			);
			name = daily_budget_tracker;
			packageProductDependencies = (
				DAE962D529E64B9B006C7126 /* ParseSwift */,
			);
			productName = daily_budget_tracker;
			productReference = DAE962BD29E64100006C7126 /* daily_budget_tracker.app */;
			productType = "com.apple.product-type.application";
		};
/* End PBXNativeTarget section */

/* Begin PBXProject section */
		DAE962B529E64100006C7126 /* Project object */ = {
			isa = PBXProject;
			attributes = {
				BuildIndependentTargetsInParallel = 1;
				LastSwiftUpdateCheck = 1430;
				LastUpgradeCheck = 1430;
				TargetAttributes = {
					DAE962BC29E64100006C7126 = {
						CreatedOnToolsVersion = 14.3;
					};
				};
			};
			buildConfigurationList = DAE962B829E64100006C7126 /* Build configuration list for PBXProject "daily_budget_tracker" */;
			compatibilityVersion = "Xcode 14.0";
			developmentRegion = en;
			hasScannedForEncodings = 0;
			knownRegions = (
				en,
				Base,
			);
			mainGroup = DAE962B429E64100006C7126;
			packageReferences = (
				DAE962D429E64B9B006C7126 /* XCRemoteSwiftPackageReference "Parse-Swift" */,
			);
			productRefGroup = DAE962BE29E64100006C7126 /* Products */;
			projectDirPath = "";
			projectRoot = "";
			targets = (
				DAE962BC29E64100006C7126 /* daily_budget_tracker */,
			);
		};
/* End PBXProject section */

/* Begin PBXResourcesBuildPhase section */
		DAE962BB29E64100006C7126 /* Resources */ = {
			isa = PBXResourcesBuildPhase;
			buildActionMask = 2147483647;
			files = (
				DAE962CD29E64101006C7126 /* LaunchScreen.storyboard in Resources */,
				DAE962CA29E64101006C7126 /* Assets.xcassets in Resources */,
				DAE962C829E64100006C7126 /* Main.storyboard in Resources */,
			);
			runOnlyForDeploymentPostprocessing = 0;
		};
/* End PBXResourcesBuildPhase section */

/* Begin PBXSourcesBuildPhase section */
		DAE962B929E64100006C7126 /* Sources */ = {
			isa = PBXSourcesBuildPhase;
			buildActionMask = 2147483647;
			files = (
				DAE962DA29EC677A006C7126 /* User.swift in Sources */,
				DAE962DF29EC8F9A006C7126 /* SignUpViewViewController.swift in Sources */,
				DAE962E529EC973B006C7126 /* mainViewController.swift in Sources */,
				DAE962C529E64100006C7126 /* ViewController.swift in Sources */,
				DAE962C129E64100006C7126 /* AppDelegate.swift in Sources */,
				DAE962DD29EC8F89006C7126 /* LoginViewController.swift in Sources */,
				DAE962C329E64100006C7126 /* SceneDelegate.swift in Sources */,
			);
			runOnlyForDeploymentPostprocessing = 0;
		};
/* End PBXSourcesBuildPhase section */

/* Begin PBXVariantGroup section */
		DAE962C629E64100006C7126 /* Main.storyboard */ = {
			isa = PBXVariantGroup;
			children = (
				DAE962C729E64100006C7126 /* Base */,
			);
			name = Main.storyboard;
			sourceTree = "<group>";
		};
		DAE962CB29E64101006C7126 /* LaunchScreen.storyboard */ = {
			isa = PBXVariantGroup;
			children = (
				DAE962CC29E64101006C7126 /* Base */,
			);
			name = LaunchScreen.storyboard;
			sourceTree = "<group>";
		};
/* End PBXVariantGroup section */

/* Begin XCBuildConfiguration section */
		DAE962CF29E64101006C7126 /* Debug */ = {
			isa = XCBuildConfiguration;
			buildSettings = {
				ALWAYS_SEARCH_USER_PATHS = NO;
				CLANG_ANALYZER_NONNULL = YES;
				CLANG_ANALYZER_NUMBER_OBJECT_CONVERSION = YES_AGGRESSIVE;
				CLANG_CXX_LANGUAGE_STANDARD = "gnu++20";
				CLANG_ENABLE_MODULES = YES;
				CLANG_ENABLE_OBJC_ARC = YES;
				CLANG_ENABLE_OBJC_WEAK = YES;
				CLANG_WARN_BLOCK_CAPTURE_AUTORELEASING = YES;
				CLANG_WARN_BOOL_CONVERSION = YES;
				CLANG_WARN_COMMA = YES;
				CLANG_WARN_CONSTANT_CONVERSION = YES;
				CLANG_WARN_DEPRECATED_OBJC_IMPLEMENTATIONS = YES;
				CLANG_WARN_DIRECT_OBJC_ISA_USAGE = YES_ERROR;
				CLANG_WARN_DOCUMENTATION_COMMENTS = YES;
				CLANG_WARN_EMPTY_BODY = YES;
				CLANG_WARN_ENUM_CONVERSION = YES;
				CLANG_WARN_INFINITE_RECURSION = YES;
				CLANG_WARN_INT_CONVERSION = YES;
				CLANG_WARN_NON_LITERAL_NULL_CONVERSION = YES;
				CLANG_WARN_OBJC_IMPLICIT_RETAIN_SELF = YES;
				CLANG_WARN_OBJC_LITERAL_CONVERSION = YES;
				CLANG_WARN_OBJC_ROOT_CLASS = YES_ERROR;
				CLANG_WARN_QUOTED_INCLUDE_IN_FRAMEWORK_HEADER = YES;
				CLANG_WARN_RANGE_LOOP_ANALYSIS = YES;
				CLANG_WARN_STRICT_PROTOTYPES = YES;
				CLANG_WARN_SUSPICIOUS_MOVE = YES;
				CLANG_WARN_UNGUARDED_AVAILABILITY = YES_AGGRESSIVE;
				CLANG_WARN_UNREACHABLE_CODE = YES;
				CLANG_WARN__DUPLICATE_METHOD_MATCH = YES;
				COPY_PHASE_STRIP = NO;
				DEBUG_INFORMATION_FORMAT = dwarf;
				ENABLE_STRICT_OBJC_MSGSEND = YES;
				ENABLE_TESTABILITY = YES;
				GCC_C_LANGUAGE_STANDARD = gnu11;
				GCC_DYNAMIC_NO_PIC = NO;
				GCC_NO_COMMON_BLOCKS = YES;
				GCC_OPTIMIZATION_LEVEL = 0;
				GCC_PREPROCESSOR_DEFINITIONS = (
					"DEBUG=1",
					"$(inherited)",
				);
				GCC_WARN_64_TO_32_BIT_CONVERSION = YES;
				GCC_WARN_ABOUT_RETURN_TYPE = YES_ERROR;
				GCC_WARN_UNDECLARED_SELECTOR = YES;
				GCC_WARN_UNINITIALIZED_AUTOS = YES_AGGRESSIVE;
				GCC_WARN_UNUSED_FUNCTION = YES;
				GCC_WARN_UNUSED_VARIABLE = YES;
				IPHONEOS_DEPLOYMENT_TARGET = 16.4;
				MTL_ENABLE_DEBUG_INFO = INCLUDE_SOURCE;
				MTL_FAST_MATH = YES;
				ONLY_ACTIVE_ARCH = YES;
				SDKROOT = iphoneos;
				SWIFT_ACTIVE_COMPILATION_CONDITIONS = DEBUG;
				SWIFT_OPTIMIZATION_LEVEL = "-Onone";
			};
			name = Debug;
		};
		DAE962D029E64101006C7126 /* Release */ = {
			isa = XCBuildConfiguration;
			buildSettings = {
				ALWAYS_SEARCH_USER_PATHS = NO;
				CLANG_ANALYZER_NONNULL = YES;
				CLANG_ANALYZER_NUMBER_OBJECT_CONVERSION = YES_AGGRESSIVE;
				CLANG_CXX_LANGUAGE_STANDARD = "gnu++20";
				CLANG_ENABLE_MODULES = YES;
				CLANG_ENABLE_OBJC_ARC = YES;
				CLANG_ENABLE_OBJC_WEAK = YES;
				CLANG_WARN_BLOCK_CAPTURE_AUTORELEASING = YES;
				CLANG_WARN_BOOL_CONVERSION = YES;
				CLANG_WARN_COMMA = YES;
				CLANG_WARN_CONSTANT_CONVERSION = YES;
				CLANG_WARN_DEPRECATED_OBJC_IMPLEMENTATIONS = YES;
				CLANG_WARN_DIRECT_OBJC_ISA_USAGE = YES_ERROR;
				CLANG_WARN_DOCUMENTATION_COMMENTS = YES;
				CLANG_WARN_EMPTY_BODY = YES;
				CLANG_WARN_ENUM_CONVERSION = YES;
				CLANG_WARN_INFINITE_RECURSION = YES;
				CLANG_WARN_INT_CONVERSION = YES;
				CLANG_WARN_NON_LITERAL_NULL_CONVERSION = YES;
				CLANG_WARN_OBJC_IMPLICIT_RETAIN_SELF = YES;
				CLANG_WARN_OBJC_LITERAL_CONVERSION = YES;
				CLANG_WARN_OBJC_ROOT_CLASS = YES_ERROR;
				CLANG_WARN_QUOTED_INCLUDE_IN_FRAMEWORK_HEADER = YES;
				CLANG_WARN_RANGE_LOOP_ANALYSIS = YES;
				CLANG_WARN_STRICT_PROTOTYPES = YES;
				CLANG_WARN_SUSPICIOUS_MOVE = YES;
				CLANG_WARN_UNGUARDED_AVAILABILITY = YES_AGGRESSIVE;
				CLANG_WARN_UNREACHABLE_CODE = YES;
				CLANG_WARN__DUPLICATE_METHOD_MATCH = YES;
				COPY_PHASE_STRIP = NO;
				DEBUG_INFORMATION_FORMAT = "dwarf-with-dsym";
				ENABLE_NS_ASSERTIONS = NO;
				ENABLE_STRICT_OBJC_MSGSEND = YES;
				GCC_C_LANGUAGE_STANDARD = gnu11;
				GCC_NO_COMMON_BLOCKS = YES;
				GCC_WARN_64_TO_32_BIT_CONVERSION = YES;
				GCC_WARN_ABOUT_RETURN_TYPE = YES_ERROR;
				GCC_WARN_UNDECLARED_SELECTOR = YES;
				GCC_WARN_UNINITIALIZED_AUTOS = YES_AGGRESSIVE;
				GCC_WARN_UNUSED_FUNCTION = YES;
				GCC_WARN_UNUSED_VARIABLE = YES;
				IPHONEOS_DEPLOYMENT_TARGET = 16.4;
				MTL_ENABLE_DEBUG_INFO = NO;
				MTL_FAST_MATH = YES;
				SDKROOT = iphoneos;
				SWIFT_COMPILATION_MODE = wholemodule;
				SWIFT_OPTIMIZATION_LEVEL = "-O";
				VALIDATE_PRODUCT = YES;
			};
			name = Release;
		};
		DAE962D229E64101006C7126 /* Debug */ = {
			isa = XCBuildConfiguration;
			buildSettings = {
				ASSETCATALOG_COMPILER_APPICON_NAME = AppIcon;
				ASSETCATALOG_COMPILER_GLOBAL_ACCENT_COLOR_NAME = AccentColor;
				CODE_SIGN_STYLE = Automatic;
				CURRENT_PROJECT_VERSION = 1;
				GENERATE_INFOPLIST_FILE = YES;
				INFOPLIST_FILE = daily_budget_tracker/Info.plist;
				INFOPLIST_KEY_UIApplicationSupportsIndirectInputEvents = YES;
				INFOPLIST_KEY_UILaunchStoryboardName = LaunchScreen;
				INFOPLIST_KEY_UIMainStoryboardFile = Main;
				INFOPLIST_KEY_UISupportedInterfaceOrientations_iPad = "UIInterfaceOrientationPortrait UIInterfaceOrientationPortraitUpsideDown UIInterfaceOrientationLandscapeLeft UIInterfaceOrientationLandscapeRight";
				INFOPLIST_KEY_UISupportedInterfaceOrientations_iPhone = "UIInterfaceOrientationPortrait UIInterfaceOrientationLandscapeLeft UIInterfaceOrientationLandscapeRight";
				LD_RUNPATH_SEARCH_PATHS = (
					"$(inherited)",
					"@executable_path/Frameworks",
				);
				MARKETING_VERSION = 1.0;
				PRODUCT_BUNDLE_IDENTIFIER = "com.ms.hello.daily-budget-tracker";
				PRODUCT_NAME = "$(TARGET_NAME)";
				SWIFT_EMIT_LOC_STRINGS = YES;
				SWIFT_VERSION = 5.0;
				TARGETED_DEVICE_FAMILY = "1,2";
			};
			name = Debug;
		};
		DAE962D329E64101006C7126 /* Release */ = {
			isa = XCBuildConfiguration;
			buildSettings = {
				ASSETCATALOG_COMPILER_APPICON_NAME = AppIcon;
				ASSETCATALOG_COMPILER_GLOBAL_ACCENT_COLOR_NAME = AccentColor;
				CODE_SIGN_STYLE = Automatic;
				CURRENT_PROJECT_VERSION = 1;
				GENERATE_INFOPLIST_FILE = YES;
				INFOPLIST_FILE = daily_budget_tracker/Info.plist;
				INFOPLIST_KEY_UIApplicationSupportsIndirectInputEvents = YES;
				INFOPLIST_KEY_UILaunchStoryboardName = LaunchScreen;
				INFOPLIST_KEY_UIMainStoryboardFile = Main;
				INFOPLIST_KEY_UISupportedInterfaceOrientations_iPad = "UIInterfaceOrientationPortrait UIInterfaceOrientationPortraitUpsideDown UIInterfaceOrientationLandscapeLeft UIInterfaceOrientationLandscapeRight";
				INFOPLIST_KEY_UISupportedInterfaceOrientations_iPhone = "UIInterfaceOrientationPortrait UIInterfaceOrientationLandscapeLeft UIInterfaceOrientationLandscapeRight";
				LD_RUNPATH_SEARCH_PATHS = (
					"$(inherited)",
					"@executable_path/Frameworks",
				);
				MARKETING_VERSION = 1.0;
				PRODUCT_BUNDLE_IDENTIFIER = "com.ms.hello.daily-budget-tracker";
				PRODUCT_NAME = "$(TARGET_NAME)";
				SWIFT_EMIT_LOC_STRINGS = YES;
				SWIFT_VERSION = 5.0;
				TARGETED_DEVICE_FAMILY = "1,2";
			};
			name = Release;
		};
/* End XCBuildConfiguration section */

/* Begin XCConfigurationList section */
		DAE962B829E64100006C7126 /* Build configuration list for PBXProject "daily_budget_tracker" */ = {
			isa = XCConfigurationList;
			buildConfigurations = (
				DAE962CF29E64101006C7126 /* Debug */,
				DAE962D029E64101006C7126 /* Release */,
			);
			defaultConfigurationIsVisible = 0;
			defaultConfigurationName = Release;
		};
		DAE962D129E64101006C7126 /* Build configuration list for PBXNativeTarget "daily_budget_tracker" */ = {
			isa = XCConfigurationList;
			buildConfigurations = (
				DAE962D229E64101006C7126 /* Debug */,
				DAE962D329E64101006C7126 /* Release */,
			);
			defaultConfigurationIsVisible = 0;
			defaultConfigurationName = Release;
		};
/* End XCConfigurationList section */

/* Begin XCRemoteSwiftPackageReference section */
		DAE962D429E64B9B006C7126 /* XCRemoteSwiftPackageReference "Parse-Swift" */ = {
			isa = XCRemoteSwiftPackageReference;
			repositoryURL = "https://github.com/parse-community/Parse-Swift.git";
			requirement = {
				kind = exactVersion;
				version = 4.14.2;
			};
		};
/* End XCRemoteSwiftPackageReference section */

/* Begin XCSwiftPackageProductDependency section */
		DAE962D529E64B9B006C7126 /* ParseSwift */ = {
			isa = XCSwiftPackageProductDependency;
			package = DAE962D429E64B9B006C7126 /* XCRemoteSwiftPackageReference "Parse-Swift" */;
			productName = ParseSwift;
		};
/* End XCSwiftPackageProductDependency section */
	};
	rootObject = DAE962B529E64100006C7126 /* Project object */;
}
